
Microsoft Visual Studio Solution File, Format Version 12.00
# Visual Studio 15
VisualStudioVersion = 15.0.28307.489
MinimumVisualStudioVersion = 10.0.40219.1
Project("{FAE04EC0-301F-11D3-BF4B-00C04F79EFBC}") = "8 Puzzle Ödevi", "8 Puzzle Ödevi\8 Puzzle Ödevi.csproj", "{070EE33D-ED6C-442E-BB84-61B008FBA742}"
EndProject
Global
	GlobalSection(SolutionConfigurationPlatforms) = preSolution
		Debug|Any CPU = Debug|Any CPU
		Release|Any CPU = Release|Any CPU
	EndGlobalSection
	GlobalSection(ProjectConfigurationPlatforms) = postSolution
		{070EE33D-ED6C-442E-BB84-61B008FBA742}.Debug|Any CPU.ActiveCfg = Debug|Any CPU
		{070EE33D-ED6C-442E-BB84-61B008FBA742}.Debug|Any CPU.Build.0 = Debug|Any CPU
		{070EE33D-ED6C-442E-BB84-61B008FBA742}.Release|Any CPU.ActiveCfg = Release|Any CPU
		{070EE33D-ED6C-442E-BB84-61B008FBA742}.Release|Any CPU.Build.0 = Release|Any CPU
	EndGlobalSection
	GlobalSection(SolutionProperties) = preSolution
		HideSolutionNode = FALSE
	EndGlobalSection
	GlobalSection(ExtensibilityGlobals) = postSolution
		SolutionGuid = {BAC2D3EA-5703-46F7-A6E6-8DE3B094DF87}
	EndGlobalSection
EndGlobal
